
Microsoft Visual Studio Solution File, Format Version 12.00
# Visual Studio Version 16
VisualStudioVersion = 16.0.30621.155
MinimumVisualStudioVersion = 10.0.40219.1
Project("{FAE04EC0-301F-11D3-BF4B-00C04F79EFBC}") = "Tetris", "Tetris.csproj", "{C61D5A8D-3187-4DD7-8F9F-61A4DC5B6608}"
EndProject
Global
	GlobalSection(SolutionConfigurationPlatforms) = preSolution
		Debug|Any CPU = Debug|Any CPU
		Release|Any CPU = Release|Any CPU
	EndGlobalSection
	GlobalSection(ProjectConfigurationPlatforms) = postSolution
		{C61D5A8D-3187-4DD7-8F9F-61A4DC5B6608}.Debug|Any CPU.ActiveCfg = Debug|Any CPU
		{C61D5A8D-3187-4DD7-8F9F-61A4DC5B6608}.Debug|Any CPU.Build.0 = Debug|Any CPU
		{C61D5A8D-3187-4DD7-8F9F-61A4DC5B6608}.Release|Any CPU.ActiveCfg = Release|Any CPU
		{C61D5A8D-3187-4DD7-8F9F-61A4DC5B6608}.Release|Any CPU.Build.0 = Release|Any CPU
	EndGlobalSection
	GlobalSection(SolutionProperties) = preSolution
		HideSolutionNode = FALSE
	EndGlobalSection
	GlobalSection(ExtensibilityGlobals) = postSolution
		SolutionGuid = {F1D8A070-9791-4C32-B06F-62EB0018AF21}
	EndGlobalSection
EndGlobal
